// !$*UTF8*$!
{
	archiveVersion = 1;
	classes = {
	};
	objectVersion = 56;
	objects = {

/* Begin PBXBuildFile section */
		1C2334A12AD70BA4009027F6 /* AppDelegate.swift in Sources */ = {isa = PBXBuildFile; fileRef = 1C2334A02AD70BA4009027F6 /* AppDelegate.swift */; };
		1C2334A32AD70BA4009027F6 /* SceneDelegate.swift in Sources */ = {isa = PBXBuildFile; fileRef = 1C2334A22AD70BA4009027F6 /* SceneDelegate.swift */; };
		1C2334A52AD70BA4009027F6 /* ViewController.swift in Sources */ = {isa = PBXBuildFile; fileRef = 1C2334A42AD70BA4009027F6 /* ViewController.swift */; };
		1C2334A82AD70BA4009027F6 /* Main.storyboard in Resources */ = {isa = PBXBuildFile; fileRef = 1C2334A62AD70BA4009027F6 /* Main.storyboard */; };
		1C2334AA2AD70BA5009027F6 /* Assets.xcassets in Resources */ = {isa = PBXBuildFile; fileRef = 1C2334A92AD70BA5009027F6 /* Assets.xcassets */; };
		1C2334AD2AD70BA5009027F6 /* LaunchScreen.storyboard in Resources */ = {isa = PBXBuildFile; fileRef = 1C2334AB2AD70BA5009027F6 /* LaunchScreen.storyboard */; };
		1C2FC8592ADFCBB800BAD9CB /* TabController.swift in Sources */ = {isa = PBXBuildFile; fileRef = 1C2FC8582ADFCBB800BAD9CB /* TabController.swift */; };
		1C2FC85C2ADFCE4400BAD9CB /* NSObject+Extension.swift in Sources */ = {isa = PBXBuildFile; fileRef = 1C2FC85B2ADFCE4400BAD9CB /* NSObject+Extension.swift */; };
		1C2FC8602ADFCE6700BAD9CB /* UIColor+Extension.swift in Sources */ = {isa = PBXBuildFile; fileRef = 1C2FC85F2ADFCE6700BAD9CB /* UIColor+Extension.swift */; };
		1C2FC8622ADFD36E00BAD9CB /* AppImages.swift in Sources */ = {isa = PBXBuildFile; fileRef = 1C2FC8612ADFD36E00BAD9CB /* AppImages.swift */; };
		1C2FC8652ADFD67600BAD9CB /* HomeViewController.swift in Sources */ = {isa = PBXBuildFile; fileRef = 1C2FC8632ADFD67600BAD9CB /* HomeViewController.swift */; };
		1C2FC8662ADFD67600BAD9CB /* HomeViewController.xib in Resources */ = {isa = PBXBuildFile; fileRef = 1C2FC8642ADFD67600BAD9CB /* HomeViewController.xib */; };
		1C2FC8692ADFD68D00BAD9CB /* ScheduleViewController.swift in Sources */ = {isa = PBXBuildFile; fileRef = 1C2FC8672ADFD68D00BAD9CB /* ScheduleViewController.swift */; };
		1C2FC86A2ADFD68D00BAD9CB /* ScheduleViewController.xib in Resources */ = {isa = PBXBuildFile; fileRef = 1C2FC8682ADFD68D00BAD9CB /* ScheduleViewController.xib */; };
		1C2FC8702ADFE05900BAD9CB /* AppColors.swift in Sources */ = {isa = PBXBuildFile; fileRef = 1C2FC86F2ADFE05900BAD9CB /* AppColors.swift */; };
		1C5B4BB92AE17DE700BD93E4 /* SourceSans3-Bold.ttf in Resources */ = {isa = PBXBuildFile; fileRef = 1C5B4BA92AE17DE400BD93E4 /* SourceSans3-Bold.ttf */; };
		1C5B4BBA2AE17DE700BD93E4 /* SourceSans3-ExtraBoldItalic.ttf in Resources */ = {isa = PBXBuildFile; fileRef = 1C5B4BAA2AE17DE400BD93E4 /* SourceSans3-ExtraBoldItalic.ttf */; };
		1C5B4BBB2AE17DE700BD93E4 /* SourceSans3-Medium.ttf in Resources */ = {isa = PBXBuildFile; fileRef = 1C5B4BAB2AE17DE500BD93E4 /* SourceSans3-Medium.ttf */; };
		1C5B4BBC2AE17DE700BD93E4 /* SourceSans3-Light.ttf in Resources */ = {isa = PBXBuildFile; fileRef = 1C5B4BAC2AE17DE500BD93E4 /* SourceSans3-Light.ttf */; };
		1C5B4BBD2AE17DE700BD93E4 /* SourceSans3-SemiBoldItalic.ttf in Resources */ = {isa = PBXBuildFile; fileRef = 1C5B4BAD2AE17DE500BD93E4 /* SourceSans3-SemiBoldItalic.ttf */; };
		1C5B4BBE2AE17DE700BD93E4 /* SourceSans3-BlackItalic.ttf in Resources */ = {isa = PBXBuildFile; fileRef = 1C5B4BAE2AE17DE500BD93E4 /* SourceSans3-BlackItalic.ttf */; };
		1C5B4BBF2AE17DE700BD93E4 /* SourceSans3-ExtraLight.ttf in Resources */ = {isa = PBXBuildFile; fileRef = 1C5B4BAF2AE17DE500BD93E4 /* SourceSans3-ExtraLight.ttf */; };
		1C5B4BC02AE17DE700BD93E4 /* SourceSans3-BoldItalic.ttf in Resources */ = {isa = PBXBuildFile; fileRef = 1C5B4BB02AE17DE600BD93E4 /* SourceSans3-BoldItalic.ttf */; };
		1C5B4BC12AE17DE700BD93E4 /* SourceSans3-ExtraLightItalic.ttf in Resources */ = {isa = PBXBuildFile; fileRef = 1C5B4BB12AE17DE600BD93E4 /* SourceSans3-ExtraLightItalic.ttf */; };
		1C5B4BC22AE17DE700BD93E4 /* SourceSans3-Black.ttf in Resources */ = {isa = PBXBuildFile; fileRef = 1C5B4BB22AE17DE600BD93E4 /* SourceSans3-Black.ttf */; };
		1C5B4BC32AE17DE700BD93E4 /* SourceSans3-LightItalic.ttf in Resources */ = {isa = PBXBuildFile; fileRef = 1C5B4BB32AE17DE600BD93E4 /* SourceSans3-LightItalic.ttf */; };
		1C5B4BC42AE17DE700BD93E4 /* SourceSans3-Italic.ttf in Resources */ = {isa = PBXBuildFile; fileRef = 1C5B4BB42AE17DE600BD93E4 /* SourceSans3-Italic.ttf */; };
		1C5B4BC52AE17DE700BD93E4 /* SourceSans3-SemiBold.ttf in Resources */ = {isa = PBXBuildFile; fileRef = 1C5B4BB52AE17DE700BD93E4 /* SourceSans3-SemiBold.ttf */; };
		1C5B4BC62AE17DE700BD93E4 /* SourceSans3-Regular.ttf in Resources */ = {isa = PBXBuildFile; fileRef = 1C5B4BB62AE17DE700BD93E4 /* SourceSans3-Regular.ttf */; };
		1C5B4BC72AE17DE700BD93E4 /* SourceSans3-MediumItalic.ttf in Resources */ = {isa = PBXBuildFile; fileRef = 1C5B4BB72AE17DE700BD93E4 /* SourceSans3-MediumItalic.ttf */; };
		1C5B4BC82AE17DE700BD93E4 /* SourceSans3-ExtraBold.ttf in Resources */ = {isa = PBXBuildFile; fileRef = 1C5B4BB82AE17DE700BD93E4 /* SourceSans3-ExtraBold.ttf */; };
		1C77C6782AEF648C00F9186B /* UserViewController.swift in Sources */ = {isa = PBXBuildFile; fileRef = 1C77C6762AEF648C00F9186B /* UserViewController.swift */; };
		1C77C6792AEF648C00F9186B /* UserViewController.xib in Resources */ = {isa = PBXBuildFile; fileRef = 1C77C6772AEF648C00F9186B /* UserViewController.xib */; };
		1C77C67C2AEF6A1100F9186B /* BaseViewController.swift in Sources */ = {isa = PBXBuildFile; fileRef = 1C77C67B2AEF6A1100F9186B /* BaseViewController.swift */; };
		1C89AE2D2AEE1F480056B539 /* ForgotPasswordViewController.swift in Sources */ = {isa = PBXBuildFile; fileRef = 1C89AE2B2AEE1F480056B539 /* ForgotPasswordViewController.swift */; };
		1C89AE2E2AEE1F480056B539 /* ForgotPasswordViewController.xib in Resources */ = {isa = PBXBuildFile; fileRef = 1C89AE2C2AEE1F480056B539 /* ForgotPasswordViewController.xib */; };
		1C91A8B12AECC90A00FF9737 /* LoginViewController.swift in Sources */ = {isa = PBXBuildFile; fileRef = 1C91A8AF2AECC90A00FF9737 /* LoginViewController.swift */; };
		1C91A8B22AECC90A00FF9737 /* LoginViewController.xib in Resources */ = {isa = PBXBuildFile; fileRef = 1C91A8B02AECC90A00FF9737 /* LoginViewController.xib */; };
		1C91A8C92AECCFF000FF9737 /* Gilroy-Heavy.ttf in Resources */ = {isa = PBXBuildFile; fileRef = 1C91A8B52AECCFEF00FF9737 /* Gilroy-Heavy.ttf */; };
		1C91A8CA2AECCFF000FF9737 /* Gilroy-BlackItalic.ttf in Resources */ = {isa = PBXBuildFile; fileRef = 1C91A8B62AECCFEF00FF9737 /* Gilroy-BlackItalic.ttf */; };
		1C91A8CB2AECCFF000FF9737 /* Gilroy-MediumItalic.ttf in Resources */ = {isa = PBXBuildFile; fileRef = 1C91A8B72AECCFEF00FF9737 /* Gilroy-MediumItalic.ttf */; };
		1C91A8CC2AECCFF000FF9737 /* Gilroy-ThinItalic.ttf in Resources */ = {isa = PBXBuildFile; fileRef = 1C91A8B82AECCFEF00FF9737 /* Gilroy-ThinItalic.ttf */; };
		1C91A8CD2AECCFF000FF9737 /* Gilroy-Thin.ttf in Resources */ = {isa = PBXBuildFile; fileRef = 1C91A8B92AECCFEF00FF9737 /* Gilroy-Thin.ttf */; };
		1C91A8CE2AECCFF000FF9737 /* Gilroy-Light.ttf in Resources */ = {isa = PBXBuildFile; fileRef = 1C91A8BA2AECCFEF00FF9737 /* Gilroy-Light.ttf */; };
		1C91A8CF2AECCFF000FF9737 /* Gilroy-Black.ttf in Resources */ = {isa = PBXBuildFile; fileRef = 1C91A8BB2AECCFEF00FF9737 /* Gilroy-Black.ttf */; };
		1C91A8D02AECCFF000FF9737 /* Gilroy-ExtraBoldItalic.ttf in Resources */ = {isa = PBXBuildFile; fileRef = 1C91A8BC2AECCFEF00FF9737 /* Gilroy-ExtraBoldItalic.ttf */; };
		1C91A8D12AECCFF000FF9737 /* Gilroy-RegularItalic.ttf in Resources */ = {isa = PBXBuildFile; fileRef = 1C91A8BD2AECCFEF00FF9737 /* Gilroy-RegularItalic.ttf */; };
		1C91A8D22AECCFF000FF9737 /* Gilroy-LightItalic.ttf in Resources */ = {isa = PBXBuildFile; fileRef = 1C91A8BE2AECCFEF00FF9737 /* Gilroy-LightItalic.ttf */; };
		1C91A8D32AECCFF000FF9737 /* Gilroy-UltraLight.ttf in Resources */ = {isa = PBXBuildFile; fileRef = 1C91A8BF2AECCFF000FF9737 /* Gilroy-UltraLight.ttf */; };
		1C91A8D42AECCFF000FF9737 /* Gilroy-ExtraBold.ttf in Resources */ = {isa = PBXBuildFile; fileRef = 1C91A8C02AECCFF000FF9737 /* Gilroy-ExtraBold.ttf */; };
		1C91A8D52AECCFF000FF9737 /* Gilroy-BoldItalic.ttf in Resources */ = {isa = PBXBuildFile; fileRef = 1C91A8C12AECCFF000FF9737 /* Gilroy-BoldItalic.ttf */; };
		1C91A8D62AECCFF000FF9737 /* Gilroy-SemiBoldItalic.ttf in Resources */ = {isa = PBXBuildFile; fileRef = 1C91A8C22AECCFF000FF9737 /* Gilroy-SemiBoldItalic.ttf */; };
		1C91A8D72AECCFF000FF9737 /* Gilroy-HeavyItalic.ttf in Resources */ = {isa = PBXBuildFile; fileRef = 1C91A8C32AECCFF000FF9737 /* Gilroy-HeavyItalic.ttf */; };
		1C91A8D82AECCFF000FF9737 /* Gilroy-Medium.ttf in Resources */ = {isa = PBXBuildFile; fileRef = 1C91A8C42AECCFF000FF9737 /* Gilroy-Medium.ttf */; };
		1C91A8D92AECCFF000FF9737 /* Gilroy-UltraLightItalic.ttf in Resources */ = {isa = PBXBuildFile; fileRef = 1C91A8C52AECCFF000FF9737 /* Gilroy-UltraLightItalic.ttf */; };
		1C91A8DA2AECCFF000FF9737 /* Gilroy-Regular.ttf in Resources */ = {isa = PBXBuildFile; fileRef = 1C91A8C62AECCFF000FF9737 /* Gilroy-Regular.ttf */; };
		1C91A8DB2AECCFF000FF9737 /* Gilroy-SemiBold.ttf in Resources */ = {isa = PBXBuildFile; fileRef = 1C91A8C72AECCFF000FF9737 /* Gilroy-SemiBold.ttf */; };
		1C91A8DC2AECCFF000FF9737 /* Gilroy-Bold.ttf in Resources */ = {isa = PBXBuildFile; fileRef = 1C91A8C82AECCFF000FF9737 /* Gilroy-Bold.ttf */; };
		1C91A8DF2AED2BD500FF9737 /* RegisterViewController.swift in Sources */ = {isa = PBXBuildFile; fileRef = 1C91A8DD2AED2BD500FF9737 /* RegisterViewController.swift */; };
		1C91A8E02AED2BD500FF9737 /* RegisterViewController.xib in Resources */ = {isa = PBXBuildFile; fileRef = 1C91A8DE2AED2BD500FF9737 /* RegisterViewController.xib */; };
		1C93D6B02AE3A840006A7496 /* MeetUpsTableViewCell.swift in Sources */ = {isa = PBXBuildFile; fileRef = 1C93D6AE2AE3A840006A7496 /* MeetUpsTableViewCell.swift */; };
		1C93D6B12AE3A840006A7496 /* MeetUpsTableViewCell.xib in Resources */ = {isa = PBXBuildFile; fileRef = 1C93D6AF2AE3A840006A7496 /* MeetUpsTableViewCell.xib */; };
		1CB410AA2AEE052100703D37 /* AppFonts.swift in Sources */ = {isa = PBXBuildFile; fileRef = 1CB410A92AEE052100703D37 /* AppFonts.swift */; };
		1CDADFC12AE2656200765C7C /* NewsFeedTableViewCell.swift in Sources */ = {isa = PBXBuildFile; fileRef = 1CDADFBF2AE2656200765C7C /* NewsFeedTableViewCell.swift */; };
		1CDADFC22AE2656200765C7C /* NewsFeedTableViewCell.xib in Resources */ = {isa = PBXBuildFile; fileRef = 1CDADFC02AE2656200765C7C /* NewsFeedTableViewCell.xib */; };
		F9936A3F9EEE087456394654 /* Pods_S_Forum.framework in Frameworks */ = {isa = PBXBuildFile; fileRef = 8585A1FE38F744E6986A40B4 /* Pods_S_Forum.framework */; };
/* End PBXBuildFile section */

/* Begin PBXContainerItemProxy section */
		1C2334B42AD70BA5009027F6 /* PBXContainerItemProxy */ = {
			isa = PBXContainerItemProxy;
			containerPortal = 1C2334952AD70BA4009027F6 /* Project object */;
			proxyType = 1;
			remoteGlobalIDString = 1C23349C2AD70BA4009027F6;
			remoteInfo = "S-Forum";
		};
		1C2334BE2AD70BA5009027F6 /* PBXContainerItemProxy */ = {
			isa = PBXContainerItemProxy;
			containerPortal = 1C2334952AD70BA4009027F6 /* Project object */;
			proxyType = 1;
			remoteGlobalIDString = 1C23349C2AD70BA4009027F6;
			remoteInfo = "S-Forum";
		};
/* End PBXContainerItemProxy section */

/* Begin PBXFileReference section */
		1C23349D2AD70BA4009027F6 /* S-Forum.app */ = {isa = PBXFileReference; explicitFileType = wrapper.application; includeInIndex = 0; path = "S-Forum.app"; sourceTree = BUILT_PRODUCTS_DIR; };
		1C2334A02AD70BA4009027F6 /* AppDelegate.swift */ = {isa = PBXFileReference; lastKnownFileType = sourcecode.swift; path = AppDelegate.swift; sourceTree = "<group>"; };
		1C2334A22AD70BA4009027F6 /* SceneDelegate.swift */ = {isa = PBXFileReference; lastKnownFileType = sourcecode.swift; path = SceneDelegate.swift; sourceTree = "<group>"; };
		1C2334A42AD70BA4009027F6 /* ViewController.swift */ = {isa = PBXFileReference; lastKnownFileType = sourcecode.swift; path = ViewController.swift; sourceTree = "<group>"; };
		1C2334A72AD70BA4009027F6 /* Base */ = {isa = PBXFileReference; lastKnownFileType = file.storyboard; name = Base; path = Base.lproj/Main.storyboard; sourceTree = "<group>"; };
		1C2334A92AD70BA5009027F6 /* Assets.xcassets */ = {isa = PBXFileReference; lastKnownFileType = folder.assetcatalog; path = Assets.xcassets; sourceTree = "<group>"; };
		1C2334AC2AD70BA5009027F6 /* Base */ = {isa = PBXFileReference; lastKnownFileType = file.storyboard; name = Base; path = Base.lproj/LaunchScreen.storyboard; sourceTree = "<group>"; };
		1C2334AE2AD70BA5009027F6 /* Info.plist */ = {isa = PBXFileReference; lastKnownFileType = text.plist.xml; path = Info.plist; sourceTree = "<group>"; };
		1C2334B32AD70BA5009027F6 /* S-ForumTests.xctest */ = {isa = PBXFileReference; explicitFileType = wrapper.cfbundle; includeInIndex = 0; path = "S-ForumTests.xctest"; sourceTree = BUILT_PRODUCTS_DIR; };
		1C2334BD2AD70BA5009027F6 /* S-ForumUITests.xctest */ = {isa = PBXFileReference; explicitFileType = wrapper.cfbundle; includeInIndex = 0; path = "S-ForumUITests.xctest"; sourceTree = BUILT_PRODUCTS_DIR; };
		1C2FC8582ADFCBB800BAD9CB /* TabController.swift */ = {isa = PBXFileReference; lastKnownFileType = sourcecode.swift; path = TabController.swift; sourceTree = "<group>"; };
		1C2FC85B2ADFCE4400BAD9CB /* NSObject+Extension.swift */ = {isa = PBXFileReference; lastKnownFileType = sourcecode.swift; path = "NSObject+Extension.swift"; sourceTree = "<group>"; };
		1C2FC85F2ADFCE6700BAD9CB /* UIColor+Extension.swift */ = {isa = PBXFileReference; lastKnownFileType = sourcecode.swift; path = "UIColor+Extension.swift"; sourceTree = "<group>"; };
		1C2FC8612ADFD36E00BAD9CB /* AppImages.swift */ = {isa = PBXFileReference; lastKnownFileType = sourcecode.swift; path = AppImages.swift; sourceTree = "<group>"; };
		1C2FC8632ADFD67600BAD9CB /* HomeViewController.swift */ = {isa = PBXFileReference; lastKnownFileType = sourcecode.swift; path = HomeViewController.swift; sourceTree = "<group>"; };
		1C2FC8642ADFD67600BAD9CB /* HomeViewController.xib */ = {isa = PBXFileReference; lastKnownFileType = file.xib; path = HomeViewController.xib; sourceTree = "<group>"; };
		1C2FC8672ADFD68D00BAD9CB /* ScheduleViewController.swift */ = {isa = PBXFileReference; lastKnownFileType = sourcecode.swift; path = ScheduleViewController.swift; sourceTree = "<group>"; };
		1C2FC8682ADFD68D00BAD9CB /* ScheduleViewController.xib */ = {isa = PBXFileReference; lastKnownFileType = file.xib; path = ScheduleViewController.xib; sourceTree = "<group>"; };
		1C2FC86F2ADFE05900BAD9CB /* AppColors.swift */ = {isa = PBXFileReference; lastKnownFileType = sourcecode.swift; path = AppColors.swift; sourceTree = "<group>"; };
		1C5B4BA92AE17DE400BD93E4 /* SourceSans3-Bold.ttf */ = {isa = PBXFileReference; lastKnownFileType = file; path = "SourceSans3-Bold.ttf"; sourceTree = "<group>"; };
		1C5B4BAA2AE17DE400BD93E4 /* SourceSans3-ExtraBoldItalic.ttf */ = {isa = PBXFileReference; lastKnownFileType = file; path = "SourceSans3-ExtraBoldItalic.ttf"; sourceTree = "<group>"; };
		1C5B4BAB2AE17DE500BD93E4 /* SourceSans3-Medium.ttf */ = {isa = PBXFileReference; lastKnownFileType = file; path = "SourceSans3-Medium.ttf"; sourceTree = "<group>"; };
		1C5B4BAC2AE17DE500BD93E4 /* SourceSans3-Light.ttf */ = {isa = PBXFileReference; lastKnownFileType = file; path = "SourceSans3-Light.ttf"; sourceTree = "<group>"; };
		1C5B4BAD2AE17DE500BD93E4 /* SourceSans3-SemiBoldItalic.ttf */ = {isa = PBXFileReference; lastKnownFileType = file; path = "SourceSans3-SemiBoldItalic.ttf"; sourceTree = "<group>"; };
		1C5B4BAE2AE17DE500BD93E4 /* SourceSans3-BlackItalic.ttf */ = {isa = PBXFileReference; lastKnownFileType = file; path = "SourceSans3-BlackItalic.ttf"; sourceTree = "<group>"; };
		1C5B4BAF2AE17DE500BD93E4 /* SourceSans3-ExtraLight.ttf */ = {isa = PBXFileReference; lastKnownFileType = file; path = "SourceSans3-ExtraLight.ttf"; sourceTree = "<group>"; };
		1C5B4BB02AE17DE600BD93E4 /* SourceSans3-BoldItalic.ttf */ = {isa = PBXFileReference; lastKnownFileType = file; path = "SourceSans3-BoldItalic.ttf"; sourceTree = "<group>"; };
		1C5B4BB12AE17DE600BD93E4 /* SourceSans3-ExtraLightItalic.ttf */ = {isa = PBXFileReference; lastKnownFileType = file; path = "SourceSans3-ExtraLightItalic.ttf"; sourceTree = "<group>"; };
		1C5B4BB22AE17DE600BD93E4 /* SourceSans3-Black.ttf */ = {isa = PBXFileReference; lastKnownFileType = file; path = "SourceSans3-Black.ttf"; sourceTree = "<group>"; };
		1C5B4BB32AE17DE600BD93E4 /* SourceSans3-LightItalic.ttf */ = {isa = PBXFileReference; lastKnownFileType = file; path = "SourceSans3-LightItalic.ttf"; sourceTree = "<group>"; };
		1C5B4BB42AE17DE600BD93E4 /* SourceSans3-Italic.ttf */ = {isa = PBXFileReference; lastKnownFileType = file; path = "SourceSans3-Italic.ttf"; sourceTree = "<group>"; };
		1C5B4BB52AE17DE700BD93E4 /* SourceSans3-SemiBold.ttf */ = {isa = PBXFileReference; lastKnownFileType = file; path = "SourceSans3-SemiBold.ttf"; sourceTree = "<group>"; };
		1C5B4BB62AE17DE700BD93E4 /* SourceSans3-Regular.ttf */ = {isa = PBXFileReference; lastKnownFileType = file; path = "SourceSans3-Regular.ttf"; sourceTree = "<group>"; };
		1C5B4BB72AE17DE700BD93E4 /* SourceSans3-MediumItalic.ttf */ = {isa = PBXFileReference; lastKnownFileType = file; path = "SourceSans3-MediumItalic.ttf"; sourceTree = "<group>"; };
		1C5B4BB82AE17DE700BD93E4 /* SourceSans3-ExtraBold.ttf */ = {isa = PBXFileReference; lastKnownFileType = file; path = "SourceSans3-ExtraBold.ttf"; sourceTree = "<group>"; };
		1C77C6762AEF648C00F9186B /* UserViewController.swift */ = {isa = PBXFileReference; lastKnownFileType = sourcecode.swift; path = UserViewController.swift; sourceTree = "<group>"; };
		1C77C6772AEF648C00F9186B /* UserViewController.xib */ = {isa = PBXFileReference; lastKnownFileType = file.xib; path = UserViewController.xib; sourceTree = "<group>"; };
		1C77C67B2AEF6A1100F9186B /* BaseViewController.swift */ = {isa = PBXFileReference; lastKnownFileType = sourcecode.swift; path = BaseViewController.swift; sourceTree = "<group>"; };
		1C89AE2B2AEE1F480056B539 /* ForgotPasswordViewController.swift */ = {isa = PBXFileReference; lastKnownFileType = sourcecode.swift; path = ForgotPasswordViewController.swift; sourceTree = "<group>"; };
		1C89AE2C2AEE1F480056B539 /* ForgotPasswordViewController.xib */ = {isa = PBXFileReference; lastKnownFileType = file.xib; path = ForgotPasswordViewController.xib; sourceTree = "<group>"; };
		1C91A8AF2AECC90A00FF9737 /* LoginViewController.swift */ = {isa = PBXFileReference; lastKnownFileType = sourcecode.swift; path = LoginViewController.swift; sourceTree = "<group>"; };
		1C91A8B02AECC90A00FF9737 /* LoginViewController.xib */ = {isa = PBXFileReference; lastKnownFileType = file.xib; path = LoginViewController.xib; sourceTree = "<group>"; };
		1C91A8B52AECCFEF00FF9737 /* Gilroy-Heavy.ttf */ = {isa = PBXFileReference; lastKnownFileType = file; path = "Gilroy-Heavy.ttf"; sourceTree = "<group>"; };
		1C91A8B62AECCFEF00FF9737 /* Gilroy-BlackItalic.ttf */ = {isa = PBXFileReference; lastKnownFileType = file; path = "Gilroy-BlackItalic.ttf"; sourceTree = "<group>"; };
		1C91A8B72AECCFEF00FF9737 /* Gilroy-MediumItalic.ttf */ = {isa = PBXFileReference; lastKnownFileType = file; path = "Gilroy-MediumItalic.ttf"; sourceTree = "<group>"; };
		1C91A8B82AECCFEF00FF9737 /* Gilroy-ThinItalic.ttf */ = {isa = PBXFileReference; lastKnownFileType = file; path = "Gilroy-ThinItalic.ttf"; sourceTree = "<group>"; };
		1C91A8B92AECCFEF00FF9737 /* Gilroy-Thin.ttf */ = {isa = PBXFileReference; lastKnownFileType = file; path = "Gilroy-Thin.ttf"; sourceTree = "<group>"; };
		1C91A8BA2AECCFEF00FF9737 /* Gilroy-Light.ttf */ = {isa = PBXFileReference; lastKnownFileType = file; path = "Gilroy-Light.ttf"; sourceTree = "<group>"; };
		1C91A8BB2AECCFEF00FF9737 /* Gilroy-Black.ttf */ = {isa = PBXFileReference; lastKnownFileType = file; path = "Gilroy-Black.ttf"; sourceTree = "<group>"; };
		1C91A8BC2AECCFEF00FF9737 /* Gilroy-ExtraBoldItalic.ttf */ = {isa = PBXFileReference; lastKnownFileType = file; path = "Gilroy-ExtraBoldItalic.ttf"; sourceTree = "<group>"; };
		1C91A8BD2AECCFEF00FF9737 /* Gilroy-RegularItalic.ttf */ = {isa = PBXFileReference; lastKnownFileType = file; path = "Gilroy-RegularItalic.ttf"; sourceTree = "<group>"; };
		1C91A8BE2AECCFEF00FF9737 /* Gilroy-LightItalic.ttf */ = {isa = PBXFileReference; lastKnownFileType = file; path = "Gilroy-LightItalic.ttf"; sourceTree = "<group>"; };
		1C91A8BF2AECCFF000FF9737 /* Gilroy-UltraLight.ttf */ = {isa = PBXFileReference; lastKnownFileType = file; path = "Gilroy-UltraLight.ttf"; sourceTree = "<group>"; };
		1C91A8C02AECCFF000FF9737 /* Gilroy-ExtraBold.ttf */ = {isa = PBXFileReference; lastKnownFileType = file; path = "Gilroy-ExtraBold.ttf"; sourceTree = "<group>"; };
		1C91A8C12AECCFF000FF9737 /* Gilroy-BoldItalic.ttf */ = {isa = PBXFileReference; lastKnownFileType = file; path = "Gilroy-BoldItalic.ttf"; sourceTree = "<group>"; };
		1C91A8C22AECCFF000FF9737 /* Gilroy-SemiBoldItalic.ttf */ = {isa = PBXFileReference; lastKnownFileType = file; path = "Gilroy-SemiBoldItalic.ttf"; sourceTree = "<group>"; };
		1C91A8C32AECCFF000FF9737 /* Gilroy-HeavyItalic.ttf */ = {isa = PBXFileReference; lastKnownFileType = file; path = "Gilroy-HeavyItalic.ttf"; sourceTree = "<group>"; };
		1C91A8C42AECCFF000FF9737 /* Gilroy-Medium.ttf */ = {isa = PBXFileReference; lastKnownFileType = file; path = "Gilroy-Medium.ttf"; sourceTree = "<group>"; };
		1C91A8C52AECCFF000FF9737 /* Gilroy-UltraLightItalic.ttf */ = {isa = PBXFileReference; lastKnownFileType = file; path = "Gilroy-UltraLightItalic.ttf"; sourceTree = "<group>"; };
		1C91A8C62AECCFF000FF9737 /* Gilroy-Regular.ttf */ = {isa = PBXFileReference; lastKnownFileType = file; path = "Gilroy-Regular.ttf"; sourceTree = "<group>"; };
		1C91A8C72AECCFF000FF9737 /* Gilroy-SemiBold.ttf */ = {isa = PBXFileReference; lastKnownFileType = file; path = "Gilroy-SemiBold.ttf"; sourceTree = "<group>"; };
		1C91A8C82AECCFF000FF9737 /* Gilroy-Bold.ttf */ = {isa = PBXFileReference; lastKnownFileType = file; path = "Gilroy-Bold.ttf"; sourceTree = "<group>"; };
		1C91A8DD2AED2BD500FF9737 /* RegisterViewController.swift */ = {isa = PBXFileReference; lastKnownFileType = sourcecode.swift; path = RegisterViewController.swift; sourceTree = "<group>"; };
		1C91A8DE2AED2BD500FF9737 /* RegisterViewController.xib */ = {isa = PBXFileReference; lastKnownFileType = file.xib; path = RegisterViewController.xib; sourceTree = "<group>"; };
		1C93D6AE2AE3A840006A7496 /* MeetUpsTableViewCell.swift */ = {isa = PBXFileReference; lastKnownFileType = sourcecode.swift; path = MeetUpsTableViewCell.swift; sourceTree = "<group>"; };
		1C93D6AF2AE3A840006A7496 /* MeetUpsTableViewCell.xib */ = {isa = PBXFileReference; lastKnownFileType = file.xib; path = MeetUpsTableViewCell.xib; sourceTree = "<group>"; };
		1CB410A92AEE052100703D37 /* AppFonts.swift */ = {isa = PBXFileReference; lastKnownFileType = sourcecode.swift; path = AppFonts.swift; sourceTree = "<group>"; };
		1CDADFBF2AE2656200765C7C /* NewsFeedTableViewCell.swift */ = {isa = PBXFileReference; lastKnownFileType = sourcecode.swift; path = NewsFeedTableViewCell.swift; sourceTree = "<group>"; };
		1CDADFC02AE2656200765C7C /* NewsFeedTableViewCell.xib */ = {isa = PBXFileReference; lastKnownFileType = file.xib; path = NewsFeedTableViewCell.xib; sourceTree = "<group>"; };
		5F486F9F9C243B7D2E3A899A /* Pods-S-Forum.release.xcconfig */ = {isa = PBXFileReference; includeInIndex = 1; lastKnownFileType = text.xcconfig; name = "Pods-S-Forum.release.xcconfig"; path = "Target Support Files/Pods-S-Forum/Pods-S-Forum.release.xcconfig"; sourceTree = "<group>"; };
		8585A1FE38F744E6986A40B4 /* Pods_S_Forum.framework */ = {isa = PBXFileReference; explicitFileType = wrapper.framework; includeInIndex = 0; path = Pods_S_Forum.framework; sourceTree = BUILT_PRODUCTS_DIR; };
		D476F03FBF7BD7CE8C8DD02E /* Pods-S-Forum.debug.xcconfig */ = {isa = PBXFileReference; includeInIndex = 1; lastKnownFileType = text.xcconfig; name = "Pods-S-Forum.debug.xcconfig"; path = "Target Support Files/Pods-S-Forum/Pods-S-Forum.debug.xcconfig"; sourceTree = "<group>"; };
/* End PBXFileReference section */

/* Begin PBXFrameworksBuildPhase section */
		1C23349A2AD70BA4009027F6 /* Frameworks */ = {
			isa = PBXFrameworksBuildPhase;
			buildActionMask = 2147483647;
			files = (
				F9936A3F9EEE087456394654 /* Pods_S_Forum.framework in Frameworks */,
			);
			runOnlyForDeploymentPostprocessing = 0;
		};
		1C2334B02AD70BA5009027F6 /* Frameworks */ = {
			isa = PBXFrameworksBuildPhase;
			buildActionMask = 2147483647;
			files = (
			);
			runOnlyForDeploymentPostprocessing = 0;
		};
		1C2334BA2AD70BA5009027F6 /* Frameworks */ = {
			isa = PBXFrameworksBuildPhase;
			buildActionMask = 2147483647;
			files = (
			);
			runOnlyForDeploymentPostprocessing = 0;
		};
/* End PBXFrameworksBuildPhase section */

/* Begin PBXGroup section */
		1C2334942AD70BA4009027F6 = {
			isa = PBXGroup;
			children = (
				1C23349F2AD70BA4009027F6 /* S-Forum */,
				1C23349E2AD70BA4009027F6 /* Products */,
				EBF7A6DD284BA2E9E109406F /* Pods */,
				42BF53F47158F085E23C3962 /* Frameworks */,
			);
			sourceTree = "<group>";
		};
		1C23349E2AD70BA4009027F6 /* Products */ = {
			isa = PBXGroup;
			children = (
				1C23349D2AD70BA4009027F6 /* S-Forum.app */,
				1C2334B32AD70BA5009027F6 /* S-ForumTests.xctest */,
				1C2334BD2AD70BA5009027F6 /* S-ForumUITests.xctest */,
			);
			name = Products;
			sourceTree = "<group>";
		};
		1C23349F2AD70BA4009027F6 /* S-Forum */ = {
			isa = PBXGroup;
			children = (
				1C2FC84C2ADFCA4900BAD9CB /* Base */,
				1C2FC84D2ADFCA6C00BAD9CB /* Constants */,
				1C2FC84E2ADFCA7600BAD9CB /* Controller */,
				1C2FC8502ADFCA9000BAD9CB /* Extension */,
				1C2334AE2AD70BA5009027F6 /* Info.plist */,
				1C2334AB2AD70BA5009027F6 /* LaunchScreen.storyboard */,
				1C2334A62AD70BA4009027F6 /* Main.storyboard */,
				1C2FC8512ADFCAA500BAD9CB /* Model */,
				1C2FC8522ADFCAAC00BAD9CB /* Resources */,
				1C2FC8532ADFCAB600BAD9CB /* Services */,
				1C2FC84F2ADFCA8200BAD9CB /* Supporting */,
				1C2FC8572ADFCB4300BAD9CB /* TabController */,
				1C2334A42AD70BA4009027F6 /* ViewController.swift */,
			);
			path = "S-Forum";
			sourceTree = "<group>";
		};
		1C2FC84C2ADFCA4900BAD9CB /* Base */ = {
			isa = PBXGroup;
			children = (
				1C77C67B2AEF6A1100F9186B /* BaseViewController.swift */,
			);
			path = Base;
			sourceTree = "<group>";
		};
		1C2FC84D2ADFCA6C00BAD9CB /* Constants */ = {
			isa = PBXGroup;
			children = (
				1C2FC8612ADFD36E00BAD9CB /* AppImages.swift */,
				1C2FC86F2ADFE05900BAD9CB /* AppColors.swift */,
				1CB410A92AEE052100703D37 /* AppFonts.swift */,
			);
			path = Constants;
			sourceTree = "<group>";
		};
		1C2FC84E2ADFCA7600BAD9CB /* Controller */ = {
			isa = PBXGroup;
			children = (
				1C77C67A2AEF649100F9186B /* User */,
				1C91A8AE2AECC8E000FF9737 /* ForgotPassword */,
				1C91A8AD2AECC8D900FF9737 /* SignUp */,
				1C91A8AC2AECC8CB00FF9737 /* Login */,
				1C2FC8552ADFCB0800BAD9CB /* Schedule */,
				1C2FC8542ADFCAFE00BAD9CB /* Home */,
			);
			path = Controller;
			sourceTree = "<group>";
		};
		1C2FC84F2ADFCA8200BAD9CB /* Supporting */ = {
			isa = PBXGroup;
			children = (
				1C2334A02AD70BA4009027F6 /* AppDelegate.swift */,
				1C2334A22AD70BA4009027F6 /* SceneDelegate.swift */,
			);
			path = Supporting;
			sourceTree = "<group>";
		};
		1C2FC8502ADFCA9000BAD9CB /* Extension */ = {
			isa = PBXGroup;
			children = (
				1C2FC85B2ADFCE4400BAD9CB /* NSObject+Extension.swift */,
				1C2FC85F2ADFCE6700BAD9CB /* UIColor+Extension.swift */,
			);
			path = Extension;
			sourceTree = "<group>";
		};
		1C2FC8512ADFCAA500BAD9CB /* Model */ = {
			isa = PBXGroup;
			children = (
			);
			path = Model;
			sourceTree = "<group>";
		};
		1C2FC8522ADFCAAC00BAD9CB /* Resources */ = {
			isa = PBXGroup;
			children = (
				1C2FC85A2ADFCC1B00BAD9CB /* font */,
				1C2334A92AD70BA5009027F6 /* Assets.xcassets */,
			);
			path = Resources;
			sourceTree = "<group>";
		};
		1C2FC8532ADFCAB600BAD9CB /* Services */ = {
			isa = PBXGroup;
			children = (
			);
			path = Services;
			sourceTree = "<group>";
		};
		1C2FC8542ADFCAFE00BAD9CB /* Home */ = {
			isa = PBXGroup;
			children = (
				1C93D6AC2AE3A419006A7496 /* Meetups */,
				1CB54A082AE250C30014B97B /* Newsfeed */,
				1C2FC8632ADFD67600BAD9CB /* HomeViewController.swift */,
				1C2FC8642ADFD67600BAD9CB /* HomeViewController.xib */,
			);
			path = Home;
			sourceTree = "<group>";
		};
		1C2FC8552ADFCB0800BAD9CB /* Schedule */ = {
			isa = PBXGroup;
			children = (
				1C2FC8672ADFD68D00BAD9CB /* ScheduleViewController.swift */,
				1C2FC8682ADFD68D00BAD9CB /* ScheduleViewController.xib */,
			);
			path = Schedule;
			sourceTree = "<group>";
		};
		1C2FC8572ADFCB4300BAD9CB /* TabController */ = {
			isa = PBXGroup;
			children = (
				1C2FC8582ADFCBB800BAD9CB /* TabController.swift */,
			);
			path = TabController;
			sourceTree = "<group>";
		};
		1C2FC85A2ADFCC1B00BAD9CB /* font */ = {
			isa = PBXGroup;
			children = (
				1C91A8B42AECCFE000FF9737 /* Gilroy */,
				1C91A8B32AECCFCA00FF9737 /* SourceSan3 */,
			);
			path = font;
			sourceTree = "<group>";
		};
		1C77C67A2AEF649100F9186B /* User */ = {
			isa = PBXGroup;
			children = (
				1C77C6762AEF648C00F9186B /* UserViewController.swift */,
				1C77C6772AEF648C00F9186B /* UserViewController.xib */,
			);
			path = User;
			sourceTree = "<group>";
		};
		1C91A8AC2AECC8CB00FF9737 /* Login */ = {
			isa = PBXGroup;
			children = (
				1C91A8AF2AECC90A00FF9737 /* LoginViewController.swift */,
				1C91A8B02AECC90A00FF9737 /* LoginViewController.xib */,
			);
			path = Login;
			sourceTree = "<group>";
		};
		1C91A8AD2AECC8D900FF9737 /* SignUp */ = {
			isa = PBXGroup;
			children = (
				1C91A8DD2AED2BD500FF9737 /* RegisterViewController.swift */,
				1C91A8DE2AED2BD500FF9737 /* RegisterViewController.xib */,
			);
			path = SignUp;
			sourceTree = "<group>";
		};
		1C91A8AE2AECC8E000FF9737 /* ForgotPassword */ = {
			isa = PBXGroup;
			children = (
				1C89AE2B2AEE1F480056B539 /* ForgotPasswordViewController.swift */,
				1C89AE2C2AEE1F480056B539 /* ForgotPasswordViewController.xib */,
			);
			path = ForgotPassword;
			sourceTree = "<group>";
		};
		1C91A8B32AECCFCA00FF9737 /* SourceSan3 */ = {
			isa = PBXGroup;
			children = (
				1C5B4BB22AE17DE600BD93E4 /* SourceSans3-Black.ttf */,
				1C5B4BAE2AE17DE500BD93E4 /* SourceSans3-BlackItalic.ttf */,
				1C5B4BA92AE17DE400BD93E4 /* SourceSans3-Bold.ttf */,
				1C5B4BB02AE17DE600BD93E4 /* SourceSans3-BoldItalic.ttf */,
				1C5B4BB82AE17DE700BD93E4 /* SourceSans3-ExtraBold.ttf */,
				1C5B4BAA2AE17DE400BD93E4 /* SourceSans3-ExtraBoldItalic.ttf */,
				1C5B4BAF2AE17DE500BD93E4 /* SourceSans3-ExtraLight.ttf */,
				1C5B4BB12AE17DE600BD93E4 /* SourceSans3-ExtraLightItalic.ttf */,
				1C5B4BB42AE17DE600BD93E4 /* SourceSans3-Italic.ttf */,
				1C5B4BAC2AE17DE500BD93E4 /* SourceSans3-Light.ttf */,
				1C5B4BB32AE17DE600BD93E4 /* SourceSans3-LightItalic.ttf */,
				1C5B4BAB2AE17DE500BD93E4 /* SourceSans3-Medium.ttf */,
				1C5B4BB72AE17DE700BD93E4 /* SourceSans3-MediumItalic.ttf */,
				1C5B4BB62AE17DE700BD93E4 /* SourceSans3-Regular.ttf */,
				1C5B4BB52AE17DE700BD93E4 /* SourceSans3-SemiBold.ttf */,
				1C5B4BAD2AE17DE500BD93E4 /* SourceSans3-SemiBoldItalic.ttf */,
			);
			path = SourceSan3;
			sourceTree = "<group>";
		};
		1C91A8B42AECCFE000FF9737 /* Gilroy */ = {
			isa = PBXGroup;
			children = (
				1C91A8BB2AECCFEF00FF9737 /* Gilroy-Black.ttf */,
				1C91A8B62AECCFEF00FF9737 /* Gilroy-BlackItalic.ttf */,
				1C91A8C82AECCFF000FF9737 /* Gilroy-Bold.ttf */,
				1C91A8C12AECCFF000FF9737 /* Gilroy-BoldItalic.ttf */,
				1C91A8C02AECCFF000FF9737 /* Gilroy-ExtraBold.ttf */,
				1C91A8BC2AECCFEF00FF9737 /* Gilroy-ExtraBoldItalic.ttf */,
				1C91A8B52AECCFEF00FF9737 /* Gilroy-Heavy.ttf */,
				1C91A8C32AECCFF000FF9737 /* Gilroy-HeavyItalic.ttf */,
				1C91A8BA2AECCFEF00FF9737 /* Gilroy-Light.ttf */,
				1C91A8BE2AECCFEF00FF9737 /* Gilroy-LightItalic.ttf */,
				1C91A8C42AECCFF000FF9737 /* Gilroy-Medium.ttf */,
				1C91A8B72AECCFEF00FF9737 /* Gilroy-MediumItalic.ttf */,
				1C91A8C62AECCFF000FF9737 /* Gilroy-Regular.ttf */,
				1C91A8BD2AECCFEF00FF9737 /* Gilroy-RegularItalic.ttf */,
				1C91A8C72AECCFF000FF9737 /* Gilroy-SemiBold.ttf */,
				1C91A8C22AECCFF000FF9737 /* Gilroy-SemiBoldItalic.ttf */,
				1C91A8B92AECCFEF00FF9737 /* Gilroy-Thin.ttf */,
				1C91A8B82AECCFEF00FF9737 /* Gilroy-ThinItalic.ttf */,
				1C91A8BF2AECCFF000FF9737 /* Gilroy-UltraLight.ttf */,
				1C91A8C52AECCFF000FF9737 /* Gilroy-UltraLightItalic.ttf */,
			);
			path = Gilroy;
			sourceTree = "<group>";
		};
		1C93D6AC2AE3A419006A7496 /* Meetups */ = {
			isa = PBXGroup;
			children = (
				1C93D6AD2AE3A5B7006A7496 /* cells */,
			);
			path = Meetups;
			sourceTree = "<group>";
		};
		1C93D6AD2AE3A5B7006A7496 /* cells */ = {
			isa = PBXGroup;
			children = (
				1C93D6AE2AE3A840006A7496 /* MeetUpsTableViewCell.swift */,
				1C93D6AF2AE3A840006A7496 /* MeetUpsTableViewCell.xib */,
			);
			path = cells;
			sourceTree = "<group>";
		};
		1CB54A082AE250C30014B97B /* Newsfeed */ = {
			isa = PBXGroup;
			children = (
				1CB54A0B2AE2513E0014B97B /* cells */,
			);
			path = Newsfeed;
			sourceTree = "<group>";
		};
		1CB54A0B2AE2513E0014B97B /* cells */ = {
			isa = PBXGroup;
			children = (
				1CDADFBF2AE2656200765C7C /* NewsFeedTableViewCell.swift */,
				1CDADFC02AE2656200765C7C /* NewsFeedTableViewCell.xib */,
			);
			path = cells;
			sourceTree = "<group>";
		};
		42BF53F47158F085E23C3962 /* Frameworks */ = {
			isa = PBXGroup;
			children = (
				8585A1FE38F744E6986A40B4 /* Pods_S_Forum.framework */,
			);
			name = Frameworks;
			sourceTree = "<group>";
		};
		EBF7A6DD284BA2E9E109406F /* Pods */ = {
			isa = PBXGroup;
			children = (
				D476F03FBF7BD7CE8C8DD02E /* Pods-S-Forum.debug.xcconfig */,
				5F486F9F9C243B7D2E3A899A /* Pods-S-Forum.release.xcconfig */,
			);
			path = Pods;
			sourceTree = "<group>";
		};
/* End PBXGroup section */

/* Begin PBXNativeTarget section */
		1C23349C2AD70BA4009027F6 /* S-Forum */ = {
			isa = PBXNativeTarget;
			buildConfigurationList = 1C2334C72AD70BA5009027F6 /* Build configuration list for PBXNativeTarget "S-Forum" */;
			buildPhases = (
				689249188822BE8D689FEDAC /* [CP] Check Pods Manifest.lock */,
				1C2334992AD70BA4009027F6 /* Sources */,
				1C23349A2AD70BA4009027F6 /* Frameworks */,
				1C23349B2AD70BA4009027F6 /* Resources */,
				D10B202F438CB6B2C77CCF6F /* [CP] Embed Pods Frameworks */,
			);
			buildRules = (
			);
			dependencies = (
			);
			name = "S-Forum";
			productName = "S-Forum";
			productReference = 1C23349D2AD70BA4009027F6 /* S-Forum.app */;
			productType = "com.apple.product-type.application";
		};
		1C2334B22AD70BA5009027F6 /* S-ForumTests */ = {
			isa = PBXNativeTarget;
			buildConfigurationList = 1C2334CA2AD70BA5009027F6 /* Build configuration list for PBXNativeTarget "S-ForumTests" */;
			buildPhases = (
				1C2334AF2AD70BA5009027F6 /* Sources */,
				1C2334B02AD70BA5009027F6 /* Frameworks */,
				1C2334B12AD70BA5009027F6 /* Resources */,
			);
			buildRules = (
			);
			dependencies = (
				1C2334B52AD70BA5009027F6 /* PBXTargetDependency */,
			);
			name = "S-ForumTests";
			productName = "S-ForumTests";
			productReference = 1C2334B32AD70BA5009027F6 /* S-ForumTests.xctest */;
			productType = "com.apple.product-type.bundle.unit-test";
		};
		1C2334BC2AD70BA5009027F6 /* S-ForumUITests */ = {
			isa = PBXNativeTarget;
			buildConfigurationList = 1C2334CD2AD70BA5009027F6 /* Build configuration list for PBXNativeTarget "S-ForumUITests" */;
			buildPhases = (
				1C2334B92AD70BA5009027F6 /* Sources */,
				1C2334BA2AD70BA5009027F6 /* Frameworks */,
				1C2334BB2AD70BA5009027F6 /* Resources */,
			);
			buildRules = (
			);
			dependencies = (
				1C2334BF2AD70BA5009027F6 /* PBXTargetDependency */,
			);
			name = "S-ForumUITests";
			productName = "S-ForumUITests";
			productReference = 1C2334BD2AD70BA5009027F6 /* S-ForumUITests.xctest */;
			productType = "com.apple.product-type.bundle.ui-testing";
		};
/* End PBXNativeTarget section */

/* Begin PBXProject section */
		1C2334952AD70BA4009027F6 /* Project object */ = {
			isa = PBXProject;
			attributes = {
				BuildIndependentTargetsInParallel = 1;
				LastSwiftUpdateCheck = 1500;
				LastUpgradeCheck = 1500;
				TargetAttributes = {
					1C23349C2AD70BA4009027F6 = {
						CreatedOnToolsVersion = 15.0;
					};
					1C2334B22AD70BA5009027F6 = {
						CreatedOnToolsVersion = 15.0;
						TestTargetID = 1C23349C2AD70BA4009027F6;
					};
					1C2334BC2AD70BA5009027F6 = {
						CreatedOnToolsVersion = 15.0;
						TestTargetID = 1C23349C2AD70BA4009027F6;
					};
				};
			};
			buildConfigurationList = 1C2334982AD70BA4009027F6 /* Build configuration list for PBXProject "S-Forum" */;
			compatibilityVersion = "Xcode 14.0";
			developmentRegion = en;
			hasScannedForEncodings = 0;
			knownRegions = (
				en,
				Base,
			);
			mainGroup = 1C2334942AD70BA4009027F6;
			productRefGroup = 1C23349E2AD70BA4009027F6 /* Products */;
			projectDirPath = "";
			projectRoot = "";
			targets = (
				1C23349C2AD70BA4009027F6 /* S-Forum */,
				1C2334B22AD70BA5009027F6 /* S-ForumTests */,
				1C2334BC2AD70BA5009027F6 /* S-ForumUITests */,
			);
		};
/* End PBXProject section */

/* Begin PBXResourcesBuildPhase section */
		1C23349B2AD70BA4009027F6 /* Resources */ = {
			isa = PBXResourcesBuildPhase;
			buildActionMask = 2147483647;
			files = (
				1C5B4BBB2AE17DE700BD93E4 /* SourceSans3-Medium.ttf in Resources */,
				1C91A8D02AECCFF000FF9737 /* Gilroy-ExtraBoldItalic.ttf in Resources */,
				1C5B4BBF2AE17DE700BD93E4 /* SourceSans3-ExtraLight.ttf in Resources */,
				1C91A8D62AECCFF000FF9737 /* Gilroy-SemiBoldItalic.ttf in Resources */,
				1C91A8CD2AECCFF000FF9737 /* Gilroy-Thin.ttf in Resources */,
				1C5B4BC62AE17DE700BD93E4 /* SourceSans3-Regular.ttf in Resources */,
				1C91A8DA2AECCFF000FF9737 /* Gilroy-Regular.ttf in Resources */,
				1C91A8D22AECCFF000FF9737 /* Gilroy-LightItalic.ttf in Resources */,
				1C5B4BC32AE17DE700BD93E4 /* SourceSans3-LightItalic.ttf in Resources */,
				1C5B4BC12AE17DE700BD93E4 /* SourceSans3-ExtraLightItalic.ttf in Resources */,
				1C91A8E02AED2BD500FF9737 /* RegisterViewController.xib in Resources */,
				1C5B4BC22AE17DE700BD93E4 /* SourceSans3-Black.ttf in Resources */,
				1C91A8DC2AECCFF000FF9737 /* Gilroy-Bold.ttf in Resources */,
				1C2334AD2AD70BA5009027F6 /* LaunchScreen.storyboard in Resources */,
				1C91A8C92AECCFF000FF9737 /* Gilroy-Heavy.ttf in Resources */,
				1C91A8CB2AECCFF000FF9737 /* Gilroy-MediumItalic.ttf in Resources */,
				1C5B4BC72AE17DE700BD93E4 /* SourceSans3-MediumItalic.ttf in Resources */,
				1C91A8CF2AECCFF000FF9737 /* Gilroy-Black.ttf in Resources */,
				1C5B4BBD2AE17DE700BD93E4 /* SourceSans3-SemiBoldItalic.ttf in Resources */,
				1C5B4BC42AE17DE700BD93E4 /* SourceSans3-Italic.ttf in Resources */,
				1C5B4BBE2AE17DE700BD93E4 /* SourceSans3-BlackItalic.ttf in Resources */,
				1C2334AA2AD70BA5009027F6 /* Assets.xcassets in Resources */,
				1C5B4BB92AE17DE700BD93E4 /* SourceSans3-Bold.ttf in Resources */,
				1C91A8D12AECCFF000FF9737 /* Gilroy-RegularItalic.ttf in Resources */,
				1C91A8CE2AECCFF000FF9737 /* Gilroy-Light.ttf in Resources */,
				1C91A8CC2AECCFF000FF9737 /* Gilroy-ThinItalic.ttf in Resources */,
				1C91A8D72AECCFF000FF9737 /* Gilroy-HeavyItalic.ttf in Resources */,
				1C77C6792AEF648C00F9186B /* UserViewController.xib in Resources */,
				1CDADFC22AE2656200765C7C /* NewsFeedTableViewCell.xib in Resources */,
				1C91A8CA2AECCFF000FF9737 /* Gilroy-BlackItalic.ttf in Resources */,
				1C89AE2E2AEE1F480056B539 /* ForgotPasswordViewController.xib in Resources */,
				1C91A8D52AECCFF000FF9737 /* Gilroy-BoldItalic.ttf in Resources */,
				1C91A8DB2AECCFF000FF9737 /* Gilroy-SemiBold.ttf in Resources */,
				1C91A8B22AECC90A00FF9737 /* LoginViewController.xib in Resources */,
				1C91A8D42AECCFF000FF9737 /* Gilroy-ExtraBold.ttf in Resources */,
				1C93D6B12AE3A840006A7496 /* MeetUpsTableViewCell.xib in Resources */,
				1C91A8D82AECCFF000FF9737 /* Gilroy-Medium.ttf in Resources */,
				1C5B4BC82AE17DE700BD93E4 /* SourceSans3-ExtraBold.ttf in Resources */,
				1C5B4BC52AE17DE700BD93E4 /* SourceSans3-SemiBold.ttf in Resources */,
				1C5B4BBA2AE17DE700BD93E4 /* SourceSans3-ExtraBoldItalic.ttf in Resources */,
				1C2FC86A2ADFD68D00BAD9CB /* ScheduleViewController.xib in Resources */,
				1C2334A82AD70BA4009027F6 /* Main.storyboard in Resources */,
				1C91A8D32AECCFF000FF9737 /* Gilroy-UltraLight.ttf in Resources */,
				1C91A8D92AECCFF000FF9737 /* Gilroy-UltraLightItalic.ttf in Resources */,
				1C5B4BC02AE17DE700BD93E4 /* SourceSans3-BoldItalic.ttf in Resources */,
				1C2FC8662ADFD67600BAD9CB /* HomeViewController.xib in Resources */,
				1C5B4BBC2AE17DE700BD93E4 /* SourceSans3-Light.ttf in Resources */,
			);
			runOnlyForDeploymentPostprocessing = 0;
		};
		1C2334B12AD70BA5009027F6 /* Resources */ = {
			isa = PBXResourcesBuildPhase;
			buildActionMask = 2147483647;
			files = (
			);
			runOnlyForDeploymentPostprocessing = 0;
		};
		1C2334BB2AD70BA5009027F6 /* Resources */ = {
			isa = PBXResourcesBuildPhase;
			buildActionMask = 2147483647;
			files = (
			);
			runOnlyForDeploymentPostprocessing = 0;
		};
/* End PBXResourcesBuildPhase section */

/* Begin PBXShellScriptBuildPhase section */
		689249188822BE8D689FEDAC /* [CP] Check Pods Manifest.lock */ = {
			isa = PBXShellScriptBuildPhase;
			buildActionMask = 2147483647;
			files = (
			);
			inputFileListPaths = (
			);
			inputPaths = (
				"${PODS_PODFILE_DIR_PATH}/Podfile.lock",
				"${PODS_ROOT}/Manifest.lock",
			);
			name = "[CP] Check Pods Manifest.lock";
			outputFileListPaths = (
			);
			outputPaths = (
				"$(DERIVED_FILE_DIR)/Pods-S-Forum-checkManifestLockResult.txt",
			);
			runOnlyForDeploymentPostprocessing = 0;
			shellPath = /bin/sh;
			shellScript = "diff \"${PODS_PODFILE_DIR_PATH}/Podfile.lock\" \"${PODS_ROOT}/Manifest.lock\" > /dev/null\nif [ $? != 0 ] ; then\n    # print error to STDERR\n    echo \"error: The sandbox is not in sync with the Podfile.lock. Run 'pod install' or update your CocoaPods installation.\" >&2\n    exit 1\nfi\n# This output is used by Xcode 'outputs' to avoid re-running this script phase.\necho \"SUCCESS\" > \"${SCRIPT_OUTPUT_FILE_0}\"\n";
			showEnvVarsInLog = 0;
		};
		D10B202F438CB6B2C77CCF6F /* [CP] Embed Pods Frameworks */ = {
			isa = PBXShellScriptBuildPhase;
			buildActionMask = 2147483647;
			files = (
			);
			inputFileListPaths = (
				"${PODS_ROOT}/Target Support Files/Pods-S-Forum/Pods-S-Forum-frameworks-${CONFIGURATION}-input-files.xcfilelist",
			);
			name = "[CP] Embed Pods Frameworks";
			outputFileListPaths = (
				"${PODS_ROOT}/Target Support Files/Pods-S-Forum/Pods-S-Forum-frameworks-${CONFIGURATION}-output-files.xcfilelist",
			);
			runOnlyForDeploymentPostprocessing = 0;
			shellPath = /bin/sh;
			shellScript = "\"${PODS_ROOT}/Target Support Files/Pods-S-Forum/Pods-S-Forum-frameworks.sh\"\n";
			showEnvVarsInLog = 0;
		};
/* End PBXShellScriptBuildPhase section */

/* Begin PBXSourcesBuildPhase section */
		1C2334992AD70BA4009027F6 /* Sources */ = {
			isa = PBXSourcesBuildPhase;
			buildActionMask = 2147483647;
			files = (
				1C91A8B12AECC90A00FF9737 /* LoginViewController.swift in Sources */,
				1C2FC85C2ADFCE4400BAD9CB /* NSObject+Extension.swift in Sources */,
				1C2334A52AD70BA4009027F6 /* ViewController.swift in Sources */,
				1CDADFC12AE2656200765C7C /* NewsFeedTableViewCell.swift in Sources */,
				1CB410AA2AEE052100703D37 /* AppFonts.swift in Sources */,
				1C77C67C2AEF6A1100F9186B /* BaseViewController.swift in Sources */,
				1C77C6782AEF648C00F9186B /* UserViewController.swift in Sources */,
				1C2FC8622ADFD36E00BAD9CB /* AppImages.swift in Sources */,
				1C2FC8692ADFD68D00BAD9CB /* ScheduleViewController.swift in Sources */,
				1C91A8DF2AED2BD500FF9737 /* RegisterViewController.swift in Sources */,
				1C93D6B02AE3A840006A7496 /* MeetUpsTableViewCell.swift in Sources */,
				1C2FC8702ADFE05900BAD9CB /* AppColors.swift in Sources */,
				1C89AE2D2AEE1F480056B539 /* ForgotPasswordViewController.swift in Sources */,
				1C2FC8652ADFD67600BAD9CB /* HomeViewController.swift in Sources */,
				1C2FC8592ADFCBB800BAD9CB /* TabController.swift in Sources */,
				1C2FC8602ADFCE6700BAD9CB /* UIColor+Extension.swift in Sources */,
				1C2334A12AD70BA4009027F6 /* AppDelegate.swift in Sources */,
				1C2334A32AD70BA4009027F6 /* SceneDelegate.swift in Sources */,
			);
			runOnlyForDeploymentPostprocessing = 0;
		};
		1C2334AF2AD70BA5009027F6 /* Sources */ = {
			isa = PBXSourcesBuildPhase;
			buildActionMask = 2147483647;
			files = (
			);
			runOnlyForDeploymentPostprocessing = 0;
		};
		1C2334B92AD70BA5009027F6 /* Sources */ = {
			isa = PBXSourcesBuildPhase;
			buildActionMask = 2147483647;
			files = (
			);
			runOnlyForDeploymentPostprocessing = 0;
		};
/* End PBXSourcesBuildPhase section */

/* Begin PBXTargetDependency section */
		1C2334B52AD70BA5009027F6 /* PBXTargetDependency */ = {
			isa = PBXTargetDependency;
			target = 1C23349C2AD70BA4009027F6 /* S-Forum */;
			targetProxy = 1C2334B42AD70BA5009027F6 /* PBXContainerItemProxy */;
		};
		1C2334BF2AD70BA5009027F6 /* PBXTargetDependency */ = {
			isa = PBXTargetDependency;
			target = 1C23349C2AD70BA4009027F6 /* S-Forum */;
			targetProxy = 1C2334BE2AD70BA5009027F6 /* PBXContainerItemProxy */;
		};
/* End PBXTargetDependency section */

/* Begin PBXVariantGroup section */
		1C2334A62AD70BA4009027F6 /* Main.storyboard */ = {
			isa = PBXVariantGroup;
			children = (
				1C2334A72AD70BA4009027F6 /* Base */,
			);
			name = Main.storyboard;
			sourceTree = "<group>";
		};
		1C2334AB2AD70BA5009027F6 /* LaunchScreen.storyboard */ = {
			isa = PBXVariantGroup;
			children = (
				1C2334AC2AD70BA5009027F6 /* Base */,
			);
			name = LaunchScreen.storyboard;
			sourceTree = "<group>";
		};
/* End PBXVariantGroup section */

/* Begin XCBuildConfiguration section */
		1C2334C52AD70BA5009027F6 /* Debug */ = {
			isa = XCBuildConfiguration;
			buildSettings = {
				ALWAYS_SEARCH_USER_PATHS = NO;
				ASSETCATALOG_COMPILER_GENERATE_SWIFT_ASSET_SYMBOL_EXTENSIONS = YES;
				CLANG_ANALYZER_NONNULL = YES;
				CLANG_ANALYZER_NUMBER_OBJECT_CONVERSION = YES_AGGRESSIVE;
				CLANG_CXX_LANGUAGE_STANDARD = "gnu++20";
				CLANG_ENABLE_MODULES = YES;
				CLANG_ENABLE_OBJC_ARC = YES;
				CLANG_ENABLE_OBJC_WEAK = YES;
				CLANG_WARN_BLOCK_CAPTURE_AUTORELEASING = YES;
				CLANG_WARN_BOOL_CONVERSION = YES;
				CLANG_WARN_COMMA = YES;
				CLANG_WARN_CONSTANT_CONVERSION = YES;
				CLANG_WARN_DEPRECATED_OBJC_IMPLEMENTATIONS = YES;
				CLANG_WARN_DIRECT_OBJC_ISA_USAGE = YES_ERROR;
				CLANG_WARN_DOCUMENTATION_COMMENTS = YES;
				CLANG_WARN_EMPTY_BODY = YES;
				CLANG_WARN_ENUM_CONVERSION = YES;
				CLANG_WARN_INFINITE_RECURSION = YES;
				CLANG_WARN_INT_CONVERSION = YES;
				CLANG_WARN_NON_LITERAL_NULL_CONVERSION = YES;
				CLANG_WARN_OBJC_IMPLICIT_RETAIN_SELF = YES;
				CLANG_WARN_OBJC_LITERAL_CONVERSION = YES;
				CLANG_WARN_OBJC_ROOT_CLASS = YES_ERROR;
				CLANG_WARN_QUOTED_INCLUDE_IN_FRAMEWORK_HEADER = YES;
				CLANG_WARN_RANGE_LOOP_ANALYSIS = YES;
				CLANG_WARN_STRICT_PROTOTYPES = YES;
				CLANG_WARN_SUSPICIOUS_MOVE = YES;
				CLANG_WARN_UNGUARDED_AVAILABILITY = YES_AGGRESSIVE;
				CLANG_WARN_UNREACHABLE_CODE = YES;
				CLANG_WARN__DUPLICATE_METHOD_MATCH = YES;
				COPY_PHASE_STRIP = NO;
				DEBUG_INFORMATION_FORMAT = dwarf;
				ENABLE_STRICT_OBJC_MSGSEND = YES;
				ENABLE_TESTABILITY = YES;
				ENABLE_USER_SCRIPT_SANDBOXING = YES;
				GCC_C_LANGUAGE_STANDARD = gnu17;
				GCC_DYNAMIC_NO_PIC = NO;
				GCC_NO_COMMON_BLOCKS = YES;
				GCC_OPTIMIZATION_LEVEL = 0;
				GCC_PREPROCESSOR_DEFINITIONS = (
					"DEBUG=1",
					"$(inherited)",
				);
				GCC_WARN_64_TO_32_BIT_CONVERSION = YES;
				GCC_WARN_ABOUT_RETURN_TYPE = YES_ERROR;
				GCC_WARN_UNDECLARED_SELECTOR = YES;
				GCC_WARN_UNINITIALIZED_AUTOS = YES_AGGRESSIVE;
				GCC_WARN_UNUSED_FUNCTION = YES;
				GCC_WARN_UNUSED_VARIABLE = YES;
				IPHONEOS_DEPLOYMENT_TARGET = 17.0;
				LOCALIZATION_PREFERS_STRING_CATALOGS = YES;
				MTL_ENABLE_DEBUG_INFO = INCLUDE_SOURCE;
				MTL_FAST_MATH = YES;
				ONLY_ACTIVE_ARCH = YES;
				SDKROOT = iphoneos;
				SWIFT_ACTIVE_COMPILATION_CONDITIONS = "DEBUG $(inherited)";
				SWIFT_OPTIMIZATION_LEVEL = "-Onone";
			};
			name = Debug;
		};
		1C2334C62AD70BA5009027F6 /* Release */ = {
			isa = XCBuildConfiguration;
			buildSettings = {
				ALWAYS_SEARCH_USER_PATHS = NO;
				ASSETCATALOG_COMPILER_GENERATE_SWIFT_ASSET_SYMBOL_EXTENSIONS = YES;
				CLANG_ANALYZER_NONNULL = YES;
				CLANG_ANALYZER_NUMBER_OBJECT_CONVERSION = YES_AGGRESSIVE;
				CLANG_CXX_LANGUAGE_STANDARD = "gnu++20";
				CLANG_ENABLE_MODULES = YES;
				CLANG_ENABLE_OBJC_ARC = YES;
				CLANG_ENABLE_OBJC_WEAK = YES;
				CLANG_WARN_BLOCK_CAPTURE_AUTORELEASING = YES;
				CLANG_WARN_BOOL_CONVERSION = YES;
				CLANG_WARN_COMMA = YES;
				CLANG_WARN_CONSTANT_CONVERSION = YES;
				CLANG_WARN_DEPRECATED_OBJC_IMPLEMENTATIONS = YES;
				CLANG_WARN_DIRECT_OBJC_ISA_USAGE = YES_ERROR;
				CLANG_WARN_DOCUMENTATION_COMMENTS = YES;
				CLANG_WARN_EMPTY_BODY = YES;
				CLANG_WARN_ENUM_CONVERSION = YES;
				CLANG_WARN_INFINITE_RECURSION = YES;
				CLANG_WARN_INT_CONVERSION = YES;
				CLANG_WARN_NON_LITERAL_NULL_CONVERSION = YES;
				CLANG_WARN_OBJC_IMPLICIT_RETAIN_SELF = YES;
				CLANG_WARN_OBJC_LITERAL_CONVERSION = YES;
				CLANG_WARN_OBJC_ROOT_CLASS = YES_ERROR;
				CLANG_WARN_QUOTED_INCLUDE_IN_FRAMEWORK_HEADER = YES;
				CLANG_WARN_RANGE_LOOP_ANALYSIS = YES;
				CLANG_WARN_STRICT_PROTOTYPES = YES;
				CLANG_WARN_SUSPICIOUS_MOVE = YES;
				CLANG_WARN_UNGUARDED_AVAILABILITY = YES_AGGRESSIVE;
				CLANG_WARN_UNREACHABLE_CODE = YES;
				CLANG_WARN__DUPLICATE_METHOD_MATCH = YES;
				COPY_PHASE_STRIP = NO;
				DEBUG_INFORMATION_FORMAT = "dwarf-with-dsym";
				ENABLE_NS_ASSERTIONS = NO;
				ENABLE_STRICT_OBJC_MSGSEND = YES;
				ENABLE_USER_SCRIPT_SANDBOXING = YES;
				GCC_C_LANGUAGE_STANDARD = gnu17;
				GCC_NO_COMMON_BLOCKS = YES;
				GCC_WARN_64_TO_32_BIT_CONVERSION = YES;
				GCC_WARN_ABOUT_RETURN_TYPE = YES_ERROR;
				GCC_WARN_UNDECLARED_SELECTOR = YES;
				GCC_WARN_UNINITIALIZED_AUTOS = YES_AGGRESSIVE;
				GCC_WARN_UNUSED_FUNCTION = YES;
				GCC_WARN_UNUSED_VARIABLE = YES;
				IPHONEOS_DEPLOYMENT_TARGET = 17.0;
				LOCALIZATION_PREFERS_STRING_CATALOGS = YES;
				MTL_ENABLE_DEBUG_INFO = NO;
				MTL_FAST_MATH = YES;
				SDKROOT = iphoneos;
				SWIFT_COMPILATION_MODE = wholemodule;
				VALIDATE_PRODUCT = YES;
			};
			name = Release;
		};
		1C2334C82AD70BA5009027F6 /* Debug */ = {
			isa = XCBuildConfiguration;
			baseConfigurationReference = D476F03FBF7BD7CE8C8DD02E /* Pods-S-Forum.debug.xcconfig */;
			buildSettings = {
				ASSETCATALOG_COMPILER_APPICON_NAME = AppIcon;
				ASSETCATALOG_COMPILER_GLOBAL_ACCENT_COLOR_NAME = AccentColor;
				CODE_SIGN_STYLE = Automatic;
				CURRENT_PROJECT_VERSION = 1;
				DEVELOPMENT_TEAM = 9YN9674B5Y;
				ENABLE_USER_SCRIPT_SANDBOXING = NO;
				GENERATE_INFOPLIST_FILE = YES;
				INFOPLIST_FILE = "S-Forum/Info.plist";
				INFOPLIST_KEY_LSApplicationCategoryType = "public.app-category.social-networking";
				INFOPLIST_KEY_UIApplicationSupportsIndirectInputEvents = YES;
				INFOPLIST_KEY_UILaunchStoryboardName = LaunchScreen;
				INFOPLIST_KEY_UIMainStoryboardFile = Main;
				INFOPLIST_KEY_UISupportedInterfaceOrientations = "UIInterfaceOrientationLandscapeLeft UIInterfaceOrientationLandscapeRight UIInterfaceOrientationPortrait";
				INFOPLIST_KEY_UISupportedInterfaceOrientations_iPad = "UIInterfaceOrientationLandscapeLeft UIInterfaceOrientationLandscapeRight UIInterfaceOrientationPortrait UIInterfaceOrientationPortraitUpsideDown";
				IPHONEOS_DEPLOYMENT_TARGET = 16.0;
				LD_RUNPATH_SEARCH_PATHS = (
					"$(inherited)",
					"@executable_path/Frameworks",
				);
				MARKETING_VERSION = 1.0;
				PRODUCT_BUNDLE_IDENTIFIER = "io.XuanThinh.S-Forum";
				PRODUCT_NAME = "$(TARGET_NAME)";
				SWIFT_EMIT_LOC_STRINGS = YES;
				SWIFT_VERSION = 5.0;
				TARGETED_DEVICE_FAMILY = "1,2";
			};
			name = Debug;
		};
		1C2334C92AD70BA5009027F6 /* Release */ = {
			isa = XCBuildConfiguration;
			baseConfigurationReference = 5F486F9F9C243B7D2E3A899A /* Pods-S-Forum.release.xcconfig */;
			buildSettings = {
				ASSETCATALOG_COMPILER_APPICON_NAME = AppIcon;
				ASSETCATALOG_COMPILER_GLOBAL_ACCENT_COLOR_NAME = AccentColor;
				CODE_SIGN_STYLE = Automatic;
				CURRENT_PROJECT_VERSION = 1;
				DEVELOPMENT_TEAM = 9YN9674B5Y;
				ENABLE_USER_SCRIPT_SANDBOXING = NO;
				GENERATE_INFOPLIST_FILE = YES;
				INFOPLIST_FILE = "S-Forum/Info.plist";
				INFOPLIST_KEY_LSApplicationCategoryType = "public.app-category.social-networking";
				INFOPLIST_KEY_UIApplicationSupportsIndirectInputEvents = YES;
				INFOPLIST_KEY_UILaunchStoryboardName = LaunchScreen;
				INFOPLIST_KEY_UIMainStoryboardFile = Main;
				INFOPLIST_KEY_UISupportedInterfaceOrientations = "UIInterfaceOrientationLandscapeLeft UIInterfaceOrientationLandscapeRight UIInterfaceOrientationPortrait";
				INFOPLIST_KEY_UISupportedInterfaceOrientations_iPad = "UIInterfaceOrientationLandscapeLeft UIInterfaceOrientationLandscapeRight UIInterfaceOrientationPortrait UIInterfaceOrientationPortraitUpsideDown";
				IPHONEOS_DEPLOYMENT_TARGET = 16.0;
				LD_RUNPATH_SEARCH_PATHS = (
					"$(inherited)",
					"@executable_path/Frameworks",
				);
				MARKETING_VERSION = 1.0;
				PRODUCT_BUNDLE_IDENTIFIER = "io.XuanThinh.S-Forum";
				PRODUCT_NAME = "$(TARGET_NAME)";
				SWIFT_EMIT_LOC_STRINGS = YES;
				SWIFT_VERSION = 5.0;
				TARGETED_DEVICE_FAMILY = "1,2";
			};
			name = Release;
		};
		1C2334CB2AD70BA5009027F6 /* Debug */ = {
			isa = XCBuildConfiguration;
			buildSettings = {
				ALWAYS_EMBED_SWIFT_STANDARD_LIBRARIES = YES;
				BUNDLE_LOADER = "$(TEST_HOST)";
				CODE_SIGN_STYLE = Automatic;
				CURRENT_PROJECT_VERSION = 1;
				DEVELOPMENT_TEAM = 9YN9674B5Y;
				GENERATE_INFOPLIST_FILE = YES;
				IPHONEOS_DEPLOYMENT_TARGET = 17.0;
				MARKETING_VERSION = 1.0;
				PRODUCT_BUNDLE_IDENTIFIER = "io.XuanThinh.S-ForumTests";
				PRODUCT_NAME = "$(TARGET_NAME)";
				SWIFT_EMIT_LOC_STRINGS = NO;
				SWIFT_VERSION = 5.0;
				TARGETED_DEVICE_FAMILY = "1,2";
				TEST_HOST = "$(BUILT_PRODUCTS_DIR)/S-Forum.app/$(BUNDLE_EXECUTABLE_FOLDER_PATH)/S-Forum";
			};
			name = Debug;
		};
		1C2334CC2AD70BA5009027F6 /* Release */ = {
			isa = XCBuildConfiguration;
			buildSettings = {
				ALWAYS_EMBED_SWIFT_STANDARD_LIBRARIES = YES;
				BUNDLE_LOADER = "$(TEST_HOST)";
				CODE_SIGN_STYLE = Automatic;
				CURRENT_PROJECT_VERSION = 1;
				DEVELOPMENT_TEAM = 9YN9674B5Y;
				GENERATE_INFOPLIST_FILE = YES;
				IPHONEOS_DEPLOYMENT_TARGET = 17.0;
				MARKETING_VERSION = 1.0;
				PRODUCT_BUNDLE_IDENTIFIER = "io.XuanThinh.S-ForumTests";
				PRODUCT_NAME = "$(TARGET_NAME)";
				SWIFT_EMIT_LOC_STRINGS = NO;
				SWIFT_VERSION = 5.0;
				TARGETED_DEVICE_FAMILY = "1,2";
				TEST_HOST = "$(BUILT_PRODUCTS_DIR)/S-Forum.app/$(BUNDLE_EXECUTABLE_FOLDER_PATH)/S-Forum";
			};
			name = Release;
		};
		1C2334CE2AD70BA5009027F6 /* Debug */ = {
			isa = XCBuildConfiguration;
			buildSettings = {
				ALWAYS_EMBED_SWIFT_STANDARD_LIBRARIES = YES;
				CODE_SIGN_STYLE = Automatic;
				CURRENT_PROJECT_VERSION = 1;
				DEVELOPMENT_TEAM = 9YN9674B5Y;
				GENERATE_INFOPLIST_FILE = YES;
				MARKETING_VERSION = 1.0;
				PRODUCT_BUNDLE_IDENTIFIER = "io.XuanThinh.S-ForumUITests";
				PRODUCT_NAME = "$(TARGET_NAME)";
				SWIFT_EMIT_LOC_STRINGS = NO;
				SWIFT_VERSION = 5.0;
				TARGETED_DEVICE_FAMILY = "1,2";
				TEST_TARGET_NAME = "S-Forum";
			};
			name = Debug;
		};
		1C2334CF2AD70BA5009027F6 /* Release */ = {
			isa = XCBuildConfiguration;
			buildSettings = {
				ALWAYS_EMBED_SWIFT_STANDARD_LIBRARIES = YES;
				CODE_SIGN_STYLE = Automatic;
				CURRENT_PROJECT_VERSION = 1;
				DEVELOPMENT_TEAM = 9YN9674B5Y;
				GENERATE_INFOPLIST_FILE = YES;
				MARKETING_VERSION = 1.0;
				PRODUCT_BUNDLE_IDENTIFIER = "io.XuanThinh.S-ForumUITests";
				PRODUCT_NAME = "$(TARGET_NAME)";
				SWIFT_EMIT_LOC_STRINGS = NO;
				SWIFT_VERSION = 5.0;
				TARGETED_DEVICE_FAMILY = "1,2";
				TEST_TARGET_NAME = "S-Forum";
			};
			name = Release;
		};
/* End XCBuildConfiguration section */

/* Begin XCConfigurationList section */
		1C2334982AD70BA4009027F6 /* Build configuration list for PBXProject "S-Forum" */ = {
			isa = XCConfigurationList;
			buildConfigurations = (
				1C2334C52AD70BA5009027F6 /* Debug */,
				1C2334C62AD70BA5009027F6 /* Release */,
			);
			defaultConfigurationIsVisible = 0;
			defaultConfigurationName = Release;
		};
		1C2334C72AD70BA5009027F6 /* Build configuration list for PBXNativeTarget "S-Forum" */ = {
			isa = XCConfigurationList;
			buildConfigurations = (
				1C2334C82AD70BA5009027F6 /* Debug */,
				1C2334C92AD70BA5009027F6 /* Release */,
			);
			defaultConfigurationIsVisible = 0;
			defaultConfigurationName = Release;
		};
		1C2334CA2AD70BA5009027F6 /* Build configuration list for PBXNativeTarget "S-ForumTests" */ = {
			isa = XCConfigurationList;
			buildConfigurations = (
				1C2334CB2AD70BA5009027F6 /* Debug */,
				1C2334CC2AD70BA5009027F6 /* Release */,
			);
			defaultConfigurationIsVisible = 0;
			defaultConfigurationName = Release;
		};
		1C2334CD2AD70BA5009027F6 /* Build configuration list for PBXNativeTarget "S-ForumUITests" */ = {
			isa = XCConfigurationList;
			buildConfigurations = (
				1C2334CE2AD70BA5009027F6 /* Debug */,
				1C2334CF2AD70BA5009027F6 /* Release */,
			);
			defaultConfigurationIsVisible = 0;
			defaultConfigurationName = Release;
		};
/* End XCConfigurationList section */
	};
	rootObject = 1C2334952AD70BA4009027F6 /* Project object */;
}
